// !$*UTF8*$!
{
	archiveVersion = 1;
	classes = {
	};
	objectVersion = 46;
	objects = {

/* Begin PBXBuildFile section */
		90462AF7182C98A200C077E4 /* opencv2.framework in Frameworks */ = {isa = PBXBuildFile; fileRef = 90462AF6182C98A200C077E4 /* opencv2.framework */; };
		90462AFB182CB5B900C077E4 /* MobileCoreServices.framework in Frameworks */ = {isa = PBXBuildFile; fileRef = 90462AFA182CB5B900C077E4 /* MobileCoreServices.framework */; };
		9078F3501839B1DA00EA23F5 /* AssignmentTable.m in Sources */ = {isa = PBXBuildFile; fileRef = 9078F3491839B1DA00EA23F5 /* AssignmentTable.m */; };
		9078F3511839B1DA00EA23F5 /* AssignmentTable.m in Sources */ = {isa = PBXBuildFile; fileRef = 9078F3491839B1DA00EA23F5 /* AssignmentTable.m */; };
		9078F3521839B1DA00EA23F5 /* MIDINote.m in Sources */ = {isa = PBXBuildFile; fileRef = 9078F34B1839B1DA00EA23F5 /* MIDINote.m */; };
		9078F3531839B1DA00EA23F5 /* MIDINote.m in Sources */ = {isa = PBXBuildFile; fileRef = 9078F34B1839B1DA00EA23F5 /* MIDINote.m */; };
		9078F3541839B1DA00EA23F5 /* NoteNumDict.m in Sources */ = {isa = PBXBuildFile; fileRef = 9078F34D1839B1DA00EA23F5 /* NoteNumDict.m */; };
		9078F3551839B1DA00EA23F5 /* NoteNumDict.m in Sources */ = {isa = PBXBuildFile; fileRef = 9078F34D1839B1DA00EA23F5 /* NoteNumDict.m */; };
		9078F3561839B1DA00EA23F5 /* VirtualInstrument.m in Sources */ = {isa = PBXBuildFile; fileRef = 9078F34F1839B1DA00EA23F5 /* VirtualInstrument.m */; };
		9078F3571839B1DA00EA23F5 /* VirtualInstrument.m in Sources */ = {isa = PBXBuildFile; fileRef = 9078F34F1839B1DA00EA23F5 /* VirtualInstrument.m */; };
		9078F3591839B20500EA23F5 /* AudioToolbox.framework in Frameworks */ = {isa = PBXBuildFile; fileRef = 9078F3581839B20500EA23F5 /* AudioToolbox.framework */; };
		9078F35B1839B20C00EA23F5 /* AVFoundation.framework in Frameworks */ = {isa = PBXBuildFile; fileRef = 9078F35A1839B20C00EA23F5 /* AVFoundation.framework */; };
		9078F3601839B24000EA23F5 /* Piano.aupreset in Resources */ = {isa = PBXBuildFile; fileRef = 9078F35F1839B24000EA23F5 /* Piano.aupreset */; };
		9078F3611839B24000EA23F5 /* Piano.aupreset in Resources */ = {isa = PBXBuildFile; fileRef = 9078F35F1839B24000EA23F5 /* Piano.aupreset */; };
		9078F9181839B2E300EA23F5 /* Sounds in Resources */ = {isa = PBXBuildFile; fileRef = 9078F9171839B2E300EA23F5 /* Sounds */; };
		9078F9191839B2E300EA23F5 /* Sounds in Resources */ = {isa = PBXBuildFile; fileRef = 9078F9171839B2E300EA23F5 /* Sounds */; };
		90DFA4FB181B56BC00145DB9 /* Foundation.framework in Frameworks */ = {isa = PBXBuildFile; fileRef = 90DFA4FA181B56BC00145DB9 /* Foundation.framework */; };
		90DFA4FD181B56BC00145DB9 /* CoreGraphics.framework in Frameworks */ = {isa = PBXBuildFile; fileRef = 90DFA4FC181B56BC00145DB9 /* CoreGraphics.framework */; };
		90DFA4FF181B56BC00145DB9 /* UIKit.framework in Frameworks */ = {isa = PBXBuildFile; fileRef = 90DFA4FE181B56BC00145DB9 /* UIKit.framework */; };
		90DFA505181B56BC00145DB9 /* InfoPlist.strings in Resources */ = {isa = PBXBuildFile; fileRef = 90DFA503181B56BC00145DB9 /* InfoPlist.strings */; };
		90DFA507181B56BC00145DB9 /* main.m in Sources */ = {isa = PBXBuildFile; fileRef = 90DFA506181B56BC00145DB9 /* main.m */; };
		90DFA50B181B56BC00145DB9 /* AppDelegate.m in Sources */ = {isa = PBXBuildFile; fileRef = 90DFA50A181B56BC00145DB9 /* AppDelegate.m */; };
		90DFA50E181B56BC00145DB9 /* Main_iPhone.storyboard in Resources */ = {isa = PBXBuildFile; fileRef = 90DFA50C181B56BC00145DB9 /* Main_iPhone.storyboard */; };
		90DFA511181B56BC00145DB9 /* Main_iPad.storyboard in Resources */ = {isa = PBXBuildFile; fileRef = 90DFA50F181B56BC00145DB9 /* Main_iPad.storyboard */; };
		90DFA514181B56BC00145DB9 /* ViewController.mm in Sources */ = {isa = PBXBuildFile; fileRef = 90DFA513181B56BC00145DB9 /* ViewController.mm */; };
		90DFA516181B56BC00145DB9 /* Images.xcassets in Resources */ = {isa = PBXBuildFile; fileRef = 90DFA515181B56BC00145DB9 /* Images.xcassets */; };
		90DFA51D181B56BC00145DB9 /* XCTest.framework in Frameworks */ = {isa = PBXBuildFile; fileRef = 90DFA51C181B56BC00145DB9 /* XCTest.framework */; };
		90DFA51E181B56BC00145DB9 /* Foundation.framework in Frameworks */ = {isa = PBXBuildFile; fileRef = 90DFA4FA181B56BC00145DB9 /* Foundation.framework */; };
		90DFA51F181B56BC00145DB9 /* UIKit.framework in Frameworks */ = {isa = PBXBuildFile; fileRef = 90DFA4FE181B56BC00145DB9 /* UIKit.framework */; };
		90DFA527181B56BC00145DB9 /* InfoPlist.strings in Resources */ = {isa = PBXBuildFile; fileRef = 90DFA525181B56BC00145DB9 /* InfoPlist.strings */; };
		90DFA529181B56BC00145DB9 /* ArmKeyBoardTests.m in Sources */ = {isa = PBXBuildFile; fileRef = 90DFA528181B56BC00145DB9 /* ArmKeyBoardTests.m */; };
/* End PBXBuildFile section */

/* Begin PBXContainerItemProxy section */
		90DFA520181B56BC00145DB9 /* PBXContainerItemProxy */ = {
			isa = PBXContainerItemProxy;
			containerPortal = 90DFA4EF181B56BC00145DB9 /* Project object */;
			proxyType = 1;
			remoteGlobalIDString = 90DFA4F6181B56BC00145DB9;
			remoteInfo = ArmKeyBoard;
		};
/* End PBXContainerItemProxy section */

/* Begin PBXFileReference section */
		90462AF6182C98A200C077E4 /* opencv2.framework */ = {isa = PBXFileReference; lastKnownFileType = wrapper.framework; name = opencv2.framework; path = ArmKeyBoard/opencv2.framework; sourceTree = "<group>"; };
		90462AFA182CB5B900C077E4 /* MobileCoreServices.framework */ = {isa = PBXFileReference; lastKnownFileType = wrapper.framework; name = MobileCoreServices.framework; path = System/Library/Frameworks/MobileCoreServices.framework; sourceTree = SDKROOT; };
		9078F3481839B1DA00EA23F5 /* AssignmentTable.h */ = {isa = PBXFileReference; fileEncoding = 4; lastKnownFileType = sourcecode.c.h; path = AssignmentTable.h; sourceTree = "<group>"; };
		9078F3491839B1DA00EA23F5 /* AssignmentTable.m */ = {isa = PBXFileReference; fileEncoding = 4; lastKnownFileType = sourcecode.c.objc; path = AssignmentTable.m; sourceTree = "<group>"; };
		9078F34A1839B1DA00EA23F5 /* MIDINote.h */ = {isa = PBXFileReference; fileEncoding = 4; lastKnownFileType = sourcecode.c.h; path = MIDINote.h; sourceTree = "<group>"; };
		9078F34B1839B1DA00EA23F5 /* MIDINote.m */ = {isa = PBXFileReference; fileEncoding = 4; lastKnownFileType = sourcecode.c.objc; path = MIDINote.m; sourceTree = "<group>"; };
		9078F34C1839B1DA00EA23F5 /* NoteNumDict.h */ = {isa = PBXFileReference; fileEncoding = 4; lastKnownFileType = sourcecode.c.h; path = NoteNumDict.h; sourceTree = "<group>"; };
		9078F34D1839B1DA00EA23F5 /* NoteNumDict.m */ = {isa = PBXFileReference; fileEncoding = 4; lastKnownFileType = sourcecode.c.objc; path = NoteNumDict.m; sourceTree = "<group>"; };
		9078F34E1839B1DA00EA23F5 /* VirtualInstrument.h */ = {isa = PBXFileReference; fileEncoding = 4; lastKnownFileType = sourcecode.c.h; path = VirtualInstrument.h; sourceTree = "<group>"; };
		9078F34F1839B1DA00EA23F5 /* VirtualInstrument.m */ = {isa = PBXFileReference; fileEncoding = 4; lastKnownFileType = sourcecode.c.objc; path = VirtualInstrument.m; sourceTree = "<group>"; };
		9078F3581839B20500EA23F5 /* AudioToolbox.framework */ = {isa = PBXFileReference; lastKnownFileType = wrapper.framework; name = AudioToolbox.framework; path = System/Library/Frameworks/AudioToolbox.framework; sourceTree = SDKROOT; };
		9078F35A1839B20C00EA23F5 /* AVFoundation.framework */ = {isa = PBXFileReference; lastKnownFileType = wrapper.framework; name = AVFoundation.framework; path = System/Library/Frameworks/AVFoundation.framework; sourceTree = SDKROOT; };
		9078F35F1839B24000EA23F5 /* Piano.aupreset */ = {isa = PBXFileReference; fileEncoding = 4; lastKnownFileType = text.xml; path = Piano.aupreset; sourceTree = "<group>"; };
		9078F9171839B2E300EA23F5 /* Sounds */ = {isa = PBXFileReference; lastKnownFileType = folder; path = Sounds; sourceTree = SOURCE_ROOT; };
		90DFA4F7181B56BC00145DB9 /* ArmKeyBoard.app */ = {isa = PBXFileReference; explicitFileType = wrapper.application; includeInIndex = 0; path = ArmKeyBoard.app; sourceTree = BUILT_PRODUCTS_DIR; };
		90DFA4FA181B56BC00145DB9 /* Foundation.framework */ = {isa = PBXFileReference; lastKnownFileType = wrapper.framework; name = Foundation.framework; path = System/Library/Frameworks/Foundation.framework; sourceTree = SDKROOT; };
		90DFA4FC181B56BC00145DB9 /* CoreGraphics.framework */ = {isa = PBXFileReference; lastKnownFileType = wrapper.framework; name = CoreGraphics.framework; path = System/Library/Frameworks/CoreGraphics.framework; sourceTree = SDKROOT; };
		90DFA4FE181B56BC00145DB9 /* UIKit.framework */ = {isa = PBXFileReference; lastKnownFileType = wrapper.framework; name = UIKit.framework; path = System/Library/Frameworks/UIKit.framework; sourceTree = SDKROOT; };
		90DFA502181B56BC00145DB9 /* ArmKeyBoard-Info.plist */ = {isa = PBXFileReference; lastKnownFileType = text.plist.xml; path = "ArmKeyBoard-Info.plist"; sourceTree = "<group>"; };
		90DFA504181B56BC00145DB9 /* en */ = {isa = PBXFileReference; lastKnownFileType = text.plist.strings; name = en; path = en.lproj/InfoPlist.strings; sourceTree = "<group>"; };
		90DFA506181B56BC00145DB9 /* main.m */ = {isa = PBXFileReference; lastKnownFileType = sourcecode.c.objc; path = main.m; sourceTree = "<group>"; };
		90DFA508181B56BC00145DB9 /* ArmKeyBoard-Prefix.pch */ = {isa = PBXFileReference; lastKnownFileType = sourcecode.c.h; path = "ArmKeyBoard-Prefix.pch"; sourceTree = "<group>"; };
		90DFA509181B56BC00145DB9 /* AppDelegate.h */ = {isa = PBXFileReference; lastKnownFileType = sourcecode.c.h; path = AppDelegate.h; sourceTree = "<group>"; };
		90DFA50A181B56BC00145DB9 /* AppDelegate.m */ = {isa = PBXFileReference; lastKnownFileType = sourcecode.c.objc; path = AppDelegate.m; sourceTree = "<group>"; };
		90DFA50D181B56BC00145DB9 /* Base */ = {isa = PBXFileReference; lastKnownFileType = file.storyboard; name = Base; path = Base.lproj/Main_iPhone.storyboard; sourceTree = "<group>"; };
		90DFA510181B56BC00145DB9 /* Base */ = {isa = PBXFileReference; lastKnownFileType = file.storyboard; name = Base; path = Base.lproj/Main_iPad.storyboard; sourceTree = "<group>"; };
		90DFA512181B56BC00145DB9 /* ViewController.h */ = {isa = PBXFileReference; lastKnownFileType = sourcecode.c.h; path = ViewController.h; sourceTree = "<group>"; };
		90DFA513181B56BC00145DB9 /* ViewController.mm */ = {isa = PBXFileReference; lastKnownFileType = sourcecode.cpp.objcpp; path = ViewController.mm; sourceTree = "<group>"; };
		90DFA515181B56BC00145DB9 /* Images.xcassets */ = {isa = PBXFileReference; lastKnownFileType = folder.assetcatalog; path = Images.xcassets; sourceTree = "<group>"; };
		90DFA51B181B56BC00145DB9 /* ArmKeyBoardTests.xctest */ = {isa = PBXFileReference; explicitFileType = wrapper.cfbundle; includeInIndex = 0; path = ArmKeyBoardTests.xctest; sourceTree = BUILT_PRODUCTS_DIR; };
		90DFA51C181B56BC00145DB9 /* XCTest.framework */ = {isa = PBXFileReference; lastKnownFileType = wrapper.framework; name = XCTest.framework; path = Library/Frameworks/XCTest.framework; sourceTree = DEVELOPER_DIR; };
		90DFA524181B56BC00145DB9 /* ArmKeyBoardTests-Info.plist */ = {isa = PBXFileReference; lastKnownFileType = text.plist.xml; path = "ArmKeyBoardTests-Info.plist"; sourceTree = "<group>"; };
		90DFA526181B56BC00145DB9 /* en */ = {isa = PBXFileReference; lastKnownFileType = text.plist.strings; name = en; path = en.lproj/InfoPlist.strings; sourceTree = "<group>"; };
		90DFA528181B56BC00145DB9 /* ArmKeyBoardTests.m */ = {isa = PBXFileReference; lastKnownFileType = sourcecode.c.objc; path = ArmKeyBoardTests.m; sourceTree = "<group>"; };
/* End PBXFileReference section */

/* Begin PBXFrameworksBuildPhase section */
		90DFA4F4181B56BC00145DB9 /* Frameworks */ = {
			isa = PBXFrameworksBuildPhase;
			buildActionMask = 2147483647;
			files = (
				9078F35B1839B20C00EA23F5 /* AVFoundation.framework in Frameworks */,
				9078F3591839B20500EA23F5 /* AudioToolbox.framework in Frameworks */,
				90462AFB182CB5B900C077E4 /* MobileCoreServices.framework in Frameworks */,
				90462AF7182C98A200C077E4 /* opencv2.framework in Frameworks */,
				90DFA4FD181B56BC00145DB9 /* CoreGraphics.framework in Frameworks */,
				90DFA4FF181B56BC00145DB9 /* UIKit.framework in Frameworks */,
				90DFA4FB181B56BC00145DB9 /* Foundation.framework in Frameworks */,
			);
			runOnlyForDeploymentPostprocessing = 0;
		};
		90DFA518181B56BC00145DB9 /* Frameworks */ = {
			isa = PBXFrameworksBuildPhase;
			buildActionMask = 2147483647;
			files = (
				90DFA51D181B56BC00145DB9 /* XCTest.framework in Frameworks */,
				90DFA51F181B56BC00145DB9 /* UIKit.framework in Frameworks */,
				90DFA51E181B56BC00145DB9 /* Foundation.framework in Frameworks */,
			);
			runOnlyForDeploymentPostprocessing = 0;
		};
/* End PBXFrameworksBuildPhase section */

/* Begin PBXGroup section */
		90DFA4EE181B56BC00145DB9 = {
			isa = PBXGroup;
			children = (
				9078F35F1839B24000EA23F5 /* Piano.aupreset */,
				9078F9171839B2E300EA23F5 /* Sounds */,
				90DFA500181B56BC00145DB9 /* ArmKeyBoard */,
				90DFA522181B56BC00145DB9 /* ArmKeyBoardTests */,
				90DFA4F9181B56BC00145DB9 /* Frameworks */,
				90DFA4F8181B56BC00145DB9 /* Products */,
			);
			sourceTree = "<group>";
		};
		90DFA4F8181B56BC00145DB9 /* Products */ = {
			isa = PBXGroup;
			children = (
				90DFA4F7181B56BC00145DB9 /* ArmKeyBoard.app */,
				90DFA51B181B56BC00145DB9 /* ArmKeyBoardTests.xctest */,
			);
			name = Products;
			sourceTree = "<group>";
		};
		90DFA4F9181B56BC00145DB9 /* Frameworks */ = {
			isa = PBXGroup;
			children = (
				9078F35A1839B20C00EA23F5 /* AVFoundation.framework */,
				9078F3581839B20500EA23F5 /* AudioToolbox.framework */,
				90462AFA182CB5B900C077E4 /* MobileCoreServices.framework */,
				90462AF6182C98A200C077E4 /* opencv2.framework */,
				90DFA4FA181B56BC00145DB9 /* Foundation.framework */,
				90DFA4FC181B56BC00145DB9 /* CoreGraphics.framework */,
				90DFA4FE181B56BC00145DB9 /* UIKit.framework */,
				90DFA51C181B56BC00145DB9 /* XCTest.framework */,
			);
			name = Frameworks;
			sourceTree = "<group>";
		};
		90DFA500181B56BC00145DB9 /* ArmKeyBoard */ = {
			isa = PBXGroup;
			children = (
				90DFA509181B56BC00145DB9 /* AppDelegate.h */,
				90DFA50A181B56BC00145DB9 /* AppDelegate.m */,
				90DFA50C181B56BC00145DB9 /* Main_iPhone.storyboard */,
				90DFA50F181B56BC00145DB9 /* Main_iPad.storyboard */,
				90DFA512181B56BC00145DB9 /* ViewController.h */,
				90DFA513181B56BC00145DB9 /* ViewController.mm */,
				9078F3481839B1DA00EA23F5 /* AssignmentTable.h */,
				9078F3491839B1DA00EA23F5 /* AssignmentTable.m */,
				9078F34A1839B1DA00EA23F5 /* MIDINote.h */,
				9078F34B1839B1DA00EA23F5 /* MIDINote.m */,
				9078F34C1839B1DA00EA23F5 /* NoteNumDict.h */,
				9078F34D1839B1DA00EA23F5 /* NoteNumDict.m */,
				9078F34E1839B1DA00EA23F5 /* VirtualInstrument.h */,
				9078F34F1839B1DA00EA23F5 /* VirtualInstrument.m */,
				90DFA515181B56BC00145DB9 /* Images.xcassets */,
				90DFA501181B56BC00145DB9 /* Supporting Files */,
			);
			path = ArmKeyBoard;
			sourceTree = "<group>";
		};
		90DFA501181B56BC00145DB9 /* Supporting Files */ = {
			isa = PBXGroup;
			children = (
				90DFA502181B56BC00145DB9 /* ArmKeyBoard-Info.plist */,
				90DFA503181B56BC00145DB9 /* InfoPlist.strings */,
				90DFA506181B56BC00145DB9 /* main.m */,
				90DFA508181B56BC00145DB9 /* ArmKeyBoard-Prefix.pch */,
			);
			name = "Supporting Files";
			sourceTree = "<group>";
		};
		90DFA522181B56BC00145DB9 /* ArmKeyBoardTests */ = {
			isa = PBXGroup;
			children = (
				90DFA528181B56BC00145DB9 /* ArmKeyBoardTests.m */,
				90DFA523181B56BC00145DB9 /* Supporting Files */,
			);
			path = ArmKeyBoardTests;
			sourceTree = "<group>";
		};
		90DFA523181B56BC00145DB9 /* Supporting Files */ = {
			isa = PBXGroup;
			children = (
				90DFA524181B56BC00145DB9 /* ArmKeyBoardTests-Info.plist */,
				90DFA525181B56BC00145DB9 /* InfoPlist.strings */,
			);
			name = "Supporting Files";
			sourceTree = "<group>";
		};
/* End PBXGroup section */

/* Begin PBXNativeTarget section */
		90DFA4F6181B56BC00145DB9 /* ArmKeyBoard */ = {
			isa = PBXNativeTarget;
			buildConfigurationList = 90DFA52C181B56BC00145DB9 /* Build configuration list for PBXNativeTarget "ArmKeyBoard" */;
			buildPhases = (
				90DFA4F3181B56BC00145DB9 /* Sources */,
				90DFA4F4181B56BC00145DB9 /* Frameworks */,
				90DFA4F5181B56BC00145DB9 /* Resources */,
			);
			buildRules = (
			);
			dependencies = (
			);
			name = ArmKeyBoard;
			productName = ArmKeyBoard;
			productReference = 90DFA4F7181B56BC00145DB9 /* ArmKeyBoard.app */;
			productType = "com.apple.product-type.application";
		};
		90DFA51A181B56BC00145DB9 /* ArmKeyBoardTests */ = {
			isa = PBXNativeTarget;
			buildConfigurationList = 90DFA52F181B56BC00145DB9 /* Build configuration list for PBXNativeTarget "ArmKeyBoardTests" */;
			buildPhases = (
				90DFA517181B56BC00145DB9 /* Sources */,
				90DFA518181B56BC00145DB9 /* Frameworks */,
				90DFA519181B56BC00145DB9 /* Resources */,
			);
			buildRules = (
			);
			dependencies = (
				90DFA521181B56BC00145DB9 /* PBXTargetDependency */,
			);
			name = ArmKeyBoardTests;
			productName = ArmKeyBoardTests;
			productReference = 90DFA51B181B56BC00145DB9 /* ArmKeyBoardTests.xctest */;
			productType = "com.apple.product-type.bundle.unit-test";
		};
/* End PBXNativeTarget section */

/* Begin PBXProject section */
		90DFA4EF181B56BC00145DB9 /* Project object */ = {
			isa = PBXProject;
			attributes = {
				LastUpgradeCheck = 0500;
				ORGANIZATIONNAME = tangkk;
				TargetAttributes = {
					90DFA51A181B56BC00145DB9 = {
						TestTargetID = 90DFA4F6181B56BC00145DB9;
					};
				};
			};
			buildConfigurationList = 90DFA4F2181B56BC00145DB9 /* Build configuration list for PBXProject "ArmKeyBoard" */;
			compatibilityVersion = "Xcode 3.2";
			developmentRegion = English;
			hasScannedForEncodings = 0;
			knownRegions = (
				en,
				Base,
			);
			mainGroup = 90DFA4EE181B56BC00145DB9;
			productRefGroup = 90DFA4F8181B56BC00145DB9 /* Products */;
			projectDirPath = "";
			projectRoot = "";
			targets = (
				90DFA4F6181B56BC00145DB9 /* ArmKeyBoard */,
				90DFA51A181B56BC00145DB9 /* ArmKeyBoardTests */,
			);
		};
/* End PBXProject section */

/* Begin PBXResourcesBuildPhase section */
		90DFA4F5181B56BC00145DB9 /* Resources */ = {
			isa = PBXResourcesBuildPhase;
			buildActionMask = 2147483647;
			files = (
				9078F9181839B2E300EA23F5 /* Sounds in Resources */,
				90DFA511181B56BC00145DB9 /* Main_iPad.storyboard in Resources */,
				90DFA516181B56BC00145DB9 /* Images.xcassets in Resources */,
				90DFA50E181B56BC00145DB9 /* Main_iPhone.storyboard in Resources */,
				90DFA505181B56BC00145DB9 /* InfoPlist.strings in Resources */,
				9078F3601839B24000EA23F5 /* Piano.aupreset in Resources */,
			);
			runOnlyForDeploymentPostprocessing = 0;
		};
		90DFA519181B56BC00145DB9 /* Resources */ = {
			isa = PBXResourcesBuildPhase;
			buildActionMask = 2147483647;
			files = (
				9078F9191839B2E300EA23F5 /* Sounds in Resources */,
				9078F3611839B24000EA23F5 /* Piano.aupreset in Resources */,
				90DFA527181B56BC00145DB9 /* InfoPlist.strings in Resources */,
			);
			runOnlyForDeploymentPostprocessing = 0;
		};
/* End PBXResourcesBuildPhase section */

/* Begin PBXSourcesBuildPhase section */
		90DFA4F3181B56BC00145DB9 /* Sources */ = {
			isa = PBXSourcesBuildPhase;
			buildActionMask = 2147483647;
			files = (
				9078F3521839B1DA00EA23F5 /* MIDINote.m in Sources */,
				90DFA514181B56BC00145DB9 /* ViewController.mm in Sources */,
				9078F3561839B1DA00EA23F5 /* VirtualInstrument.m in Sources */,
				9078F3501839B1DA00EA23F5 /* AssignmentTable.m in Sources */,
				90DFA50B181B56BC00145DB9 /* AppDelegate.m in Sources */,
				9078F3541839B1DA00EA23F5 /* NoteNumDict.m in Sources */,
				90DFA507181B56BC00145DB9 /* main.m in Sources */,
			);
			runOnlyForDeploymentPostprocessing = 0;
		};
		90DFA517181B56BC00145DB9 /* Sources */ = {
			isa = PBXSourcesBuildPhase;
			buildActionMask = 2147483647;
			files = (
				90DFA529181B56BC00145DB9 /* ArmKeyBoardTests.m in Sources */,
				9078F3511839B1DA00EA23F5 /* AssignmentTable.m in Sources */,
				9078F3571839B1DA00EA23F5 /* VirtualInstrument.m in Sources */,
				9078F3551839B1DA00EA23F5 /* NoteNumDict.m in Sources */,
				9078F3531839B1DA00EA23F5 /* MIDINote.m in Sources */,
			);
			runOnlyForDeploymentPostprocessing = 0;
		};
/* End PBXSourcesBuildPhase section */

/* Begin PBXTargetDependency section */
		90DFA521181B56BC00145DB9 /* PBXTargetDependency */ = {
			isa = PBXTargetDependency;
			target = 90DFA4F6181B56BC00145DB9 /* ArmKeyBoard */;
			targetProxy = 90DFA520181B56BC00145DB9 /* PBXContainerItemProxy */;
		};
/* End PBXTargetDependency section */

/* Begin PBXVariantGroup section */
		90DFA503181B56BC00145DB9 /* InfoPlist.strings */ = {
			isa = PBXVariantGroup;
			children = (
				90DFA504181B56BC00145DB9 /* en */,
			);
			name = InfoPlist.strings;
			sourceTree = "<group>";
		};
		90DFA50C181B56BC00145DB9 /* Main_iPhone.storyboard */ = {
			isa = PBXVariantGroup;
			children = (
				90DFA50D181B56BC00145DB9 /* Base */,
			);
			name = Main_iPhone.storyboard;
			sourceTree = "<group>";
		};
		90DFA50F181B56BC00145DB9 /* Main_iPad.storyboard */ = {
			isa = PBXVariantGroup;
			children = (
				90DFA510181B56BC00145DB9 /* Base */,
			);
			name = Main_iPad.storyboard;
			sourceTree = "<group>";
		};
		90DFA525181B56BC00145DB9 /* InfoPlist.strings */ = {
			isa = PBXVariantGroup;
			children = (
				90DFA526181B56BC00145DB9 /* en */,
			);
			name = InfoPlist.strings;
			sourceTree = "<group>";
		};
/* End PBXVariantGroup section */

/* Begin XCBuildConfiguration section */
		90DFA52A181B56BC00145DB9 /* Debug */ = {
			isa = XCBuildConfiguration;
			buildSettings = {
				ALWAYS_SEARCH_USER_PATHS = NO;
				ARCHS = "$(ARCHS_STANDARD_INCLUDING_64_BIT)";
				CLANG_CXX_LANGUAGE_STANDARD = "compiler-default";
				CLANG_CXX_LIBRARY = "libc++";
				CLANG_ENABLE_MODULES = YES;
				CLANG_ENABLE_OBJC_ARC = YES;
				CLANG_WARN_BOOL_CONVERSION = YES;
				CLANG_WARN_CONSTANT_CONVERSION = YES;
				CLANG_WARN_DIRECT_OBJC_ISA_USAGE = YES_ERROR;
				CLANG_WARN_EMPTY_BODY = YES;
				CLANG_WARN_ENUM_CONVERSION = YES;
				CLANG_WARN_INT_CONVERSION = YES;
				CLANG_WARN_OBJC_ROOT_CLASS = YES_ERROR;
				CLANG_WARN__DUPLICATE_METHOD_MATCH = YES;
				"CODE_SIGN_IDENTITY[sdk=iphoneos*]" = "iPhone Developer";
				COPY_PHASE_STRIP = NO;
				GCC_C_LANGUAGE_STANDARD = gnu99;
				GCC_DYNAMIC_NO_PIC = NO;
				GCC_OPTIMIZATION_LEVEL = 0;
				GCC_PREPROCESSOR_DEFINITIONS = (
					"DEBUG=1",
					"$(inherited)",
				);
				GCC_SYMBOLS_PRIVATE_EXTERN = NO;
				GCC_WARN_64_TO_32_BIT_CONVERSION = YES;
				GCC_WARN_ABOUT_RETURN_TYPE = YES_ERROR;
				GCC_WARN_UNDECLARED_SELECTOR = YES;
				GCC_WARN_UNINITIALIZED_AUTOS = YES;
				GCC_WARN_UNUSED_FUNCTION = YES;
				GCC_WARN_UNUSED_VARIABLE = YES;
				IPHONEOS_DEPLOYMENT_TARGET = 7.0;
				ONLY_ACTIVE_ARCH = YES;
				SDKROOT = iphoneos;
				TARGETED_DEVICE_FAMILY = "1,2";
			};
			name = Debug;
		};
		90DFA52B181B56BC00145DB9 /* Release */ = {
			isa = XCBuildConfiguration;
			buildSettings = {
				ALWAYS_SEARCH_USER_PATHS = NO;
				ARCHS = "$(ARCHS_STANDARD_INCLUDING_64_BIT)";
				CLANG_CXX_LANGUAGE_STANDARD = "compiler-default";
				CLANG_CXX_LIBRARY = "libc++";
				CLANG_ENABLE_MODULES = YES;
				CLANG_ENABLE_OBJC_ARC = YES;
				CLANG_WARN_BOOL_CONVERSION = YES;
				CLANG_WARN_CONSTANT_CONVERSION = YES;
				CLANG_WARN_DIRECT_OBJC_ISA_USAGE = YES_ERROR;
				CLANG_WARN_EMPTY_BODY = YES;
				CLANG_WARN_ENUM_CONVERSION = YES;
				CLANG_WARN_INT_CONVERSION = YES;
				CLANG_WARN_OBJC_ROOT_CLASS = YES_ERROR;
				CLANG_WARN__DUPLICATE_METHOD_MATCH = YES;
				"CODE_SIGN_IDENTITY[sdk=iphoneos*]" = "iPhone Developer";
				COPY_PHASE_STRIP = YES;
				ENABLE_NS_ASSERTIONS = NO;
				GCC_C_LANGUAGE_STANDARD = gnu99;
				GCC_WARN_64_TO_32_BIT_CONVERSION = YES;
				GCC_WARN_ABOUT_RETURN_TYPE = YES_ERROR;
				GCC_WARN_UNDECLARED_SELECTOR = YES;
				GCC_WARN_UNINITIALIZED_AUTOS = YES;
				GCC_WARN_UNUSED_FUNCTION = YES;
				GCC_WARN_UNUSED_VARIABLE = YES;
				IPHONEOS_DEPLOYMENT_TARGET = 7.0;
				SDKROOT = iphoneos;
				TARGETED_DEVICE_FAMILY = "1,2";
				VALIDATE_PRODUCT = YES;
			};
			name = Release;
		};
		90DFA52D181B56BC00145DB9 /* Debug */ = {
			isa = XCBuildConfiguration;
			buildSettings = {
				ASSETCATALOG_COMPILER_APPICON_NAME = AppIcon;
				ASSETCATALOG_COMPILER_LAUNCHIMAGE_NAME = LaunchImage;
				FRAMEWORK_SEARCH_PATHS = (
					"$(inherited)",
					/Users/tangkk/Documents/workspace/iOS/ArmKeyBoard/ArmKeyBoard,
				);
				GCC_PRECOMPILE_PREFIX_HEADER = YES;
				GCC_PREFIX_HEADER = "ArmKeyBoard/ArmKeyBoard-Prefix.pch";
				INFOPLIST_FILE = "ArmKeyBoard/ArmKeyBoard-Info.plist";
				IPHONEOS_DEPLOYMENT_TARGET = 6.0;
				PRODUCT_NAME = "$(TARGET_NAME)";
				WRAPPER_EXTENSION = app;
			};
			name = Debug;
		};
		90DFA52E181B56BC00145DB9 /* Release */ = {
			isa = XCBuildConfiguration;
			buildSettings = {
				ASSETCATALOG_COMPILER_APPICON_NAME = AppIcon;
				ASSETCATALOG_COMPILER_LAUNCHIMAGE_NAME = LaunchImage;
				FRAMEWORK_SEARCH_PATHS = (
					"$(inherited)",
					/Users/tangkk/Documents/workspace/iOS/ArmKeyBoard/ArmKeyBoard,
				);
				GCC_PRECOMPILE_PREFIX_HEADER = YES;
				GCC_PREFIX_HEADER = "ArmKeyBoard/ArmKeyBoard-Prefix.pch";
				INFOPLIST_FILE = "ArmKeyBoard/ArmKeyBoard-Info.plist";
				IPHONEOS_DEPLOYMENT_TARGET = 6.0;
				PRODUCT_NAME = "$(TARGET_NAME)";
				WRAPPER_EXTENSION = app;
			};
			name = Release;
		};
		90DFA530181B56BC00145DB9 /* Debug */ = {
			isa = XCBuildConfiguration;
			buildSettings = {
				ARCHS = "$(ARCHS_STANDARD_INCLUDING_64_BIT)";
				BUNDLE_LOADER = "$(BUILT_PRODUCTS_DIR)/ArmKeyBoard.app/ArmKeyBoard";
				FRAMEWORK_SEARCH_PATHS = (
					"$(SDKROOT)/Developer/Library/Frameworks",
					"$(inherited)",
					"$(DEVELOPER_FRAMEWORKS_DIR)",
				);
				GCC_PRECOMPILE_PREFIX_HEADER = YES;
				GCC_PREFIX_HEADER = "ArmKeyBoard/ArmKeyBoard-Prefix.pch";
				GCC_PREPROCESSOR_DEFINITIONS = (
					"DEBUG=1",
					"$(inherited)",
				);
				INFOPLIST_FILE = "ArmKeyBoardTests/ArmKeyBoardTests-Info.plist";
				PRODUCT_NAME = "$(TARGET_NAME)";
				TEST_HOST = "$(BUNDLE_LOADER)";
				WRAPPER_EXTENSION = xctest;
			};
			name = Debug;
		};
		90DFA531181B56BC00145DB9 /* Release */ = {
			isa = XCBuildConfiguration;
			buildSettings = {
				ARCHS = "$(ARCHS_STANDARD_INCLUDING_64_BIT)";
				BUNDLE_LOADER = "$(BUILT_PRODUCTS_DIR)/ArmKeyBoard.app/ArmKeyBoard";
				FRAMEWORK_SEARCH_PATHS = (
					"$(SDKROOT)/Developer/Library/Frameworks",
					"$(inherited)",
					"$(DEVELOPER_FRAMEWORKS_DIR)",
				);
				GCC_PRECOMPILE_PREFIX_HEADER = YES;
				GCC_PREFIX_HEADER = "ArmKeyBoard/ArmKeyBoard-Prefix.pch";
				INFOPLIST_FILE = "ArmKeyBoardTests/ArmKeyBoardTests-Info.plist";
				PRODUCT_NAME = "$(TARGET_NAME)";
				TEST_HOST = "$(BUNDLE_LOADER)";
				WRAPPER_EXTENSION = xctest;
			};
			name = Release;
		};
/* End XCBuildConfiguration section */

/* Begin XCConfigurationList section */
		90DFA4F2181B56BC00145DB9 /* Build configuration list for PBXProject "ArmKeyBoard" */ = {
			isa = XCConfigurationList;
			buildConfigurations = (
				90DFA52A181B56BC00145DB9 /* Debug */,
				90DFA52B181B56BC00145DB9 /* Release */,
			);
			defaultConfigurationIsVisible = 0;
			defaultConfigurationName = Release;
		};
		90DFA52C181B56BC00145DB9 /* Build configuration list for PBXNativeTarget "ArmKeyBoard" */ = {
			isa = XCConfigurationList;
			buildConfigurations = (
				90DFA52D181B56BC00145DB9 /* Debug */,
				90DFA52E181B56BC00145DB9 /* Release */,
			);
			defaultConfigurationIsVisible = 0;
			defaultConfigurationName = Release;
		};
		90DFA52F181B56BC00145DB9 /* Build configuration list for PBXNativeTarget "ArmKeyBoardTests" */ = {
			isa = XCConfigurationList;
			buildConfigurations = (
				90DFA530181B56BC00145DB9 /* Debug */,
				90DFA531181B56BC00145DB9 /* Release */,
			);
			defaultConfigurationIsVisible = 0;
			defaultConfigurationName = Release;
		};
/* End XCConfigurationList section */
	};
	rootObject = 90DFA4EF181B56BC00145DB9 /* Project object */;
}
